{
  "version": 1,
  "dependencies": {
    "net6.0": {
      "Godot.SourceGenerators": {
        "type": "Direct",
        "requested": "[4.1.1, )",
        "resolved": "4.1.1",
        "contentHash": "Kti3AjqGFT/myqAg87ykwoGAMrSUZkQaLdpZRWqvO0w2VhDtwUgEEKZk5HK94GzlWHOHZx2UW2fO88G7h56VgA=="
      },
      "GodotSharp": {
        "type": "Direct",
        "requested": "[4.1.1, )",
        "resolved": "4.1.1",
        "contentHash": "r07Z+O82m5dAqeJMYHDJCGdD0p1gb8vNVi+kIFYGjDNk39Ys3fgsm+x7ZpHEfNSW2oHTn62SCuCE38UAVy17MA=="
      },
      "GodotSharpEditor": {
        "type": "Direct",
        "requested": "[4.1.1, )",
        "resolved": "4.1.1",
        "contentHash": "t29ltWPBHhWDKncK2XFXmHx29jGOqtsR9PFdkjIcRWG5+PdcCJNrCng5cls/H+zGtluGF5L6rNBFbFlBBvTgkA==",
        "dependencies": {
          "GodotSharp": "4.1.1"
        }
      },
      "FSharp.Core": {
        "type": "Transitive",
        "resolved": "7.0.0",
        "contentHash": "xPww0dhsH7o373ZNFY1Y08WRsJJUUzqGk0AIUxxUxSJkWqul0UwCBXg6UmqJX76VdiSvvEXn4SYwX8lYQaZzuQ=="
      },
      "fslib": {
        "type": "Project",
        "dependencies": {
          "FSharp.Core": "[7.0.0, )"
        }
      }
    }
  }
}